
Microsoft Visual Studio Solution File, Format Version 12.00
# Visual Studio Version 16
VisualStudioVersion = 25.0.1706.14
MinimumVisualStudioVersion = 10.0.40219.1
Project("{FAE04EC0-301F-11D3-BF4B-00C04F79EFBC}") = "ev", "ev\ev.csproj", "{B5AE7623-8FC4-4F4D-8FB3-3C081FCFB881}"
EndProject
Project("{FAE04EC0-301F-11D3-BF4B-00C04F79EFBC}") = "ev proje", "ev proje\ev proje.csproj", "{99FF668C-8976-49CE-8899-9CCA4D1B189C}"
EndProject
Global
	GlobalSection(SolutionConfigurationPlatforms) = preSolution
		Debug|Any CPU = Debug|Any CPU
		Release|Any CPU = Release|Any CPU
	EndGlobalSection
	GlobalSection(ProjectConfigurationPlatforms) = postSolution
		{B5AE7623-8FC4-4F4D-8FB3-3C081FCFB881}.Debug|Any CPU.ActiveCfg = Debug|Any CPU
		{B5AE7623-8FC4-4F4D-8FB3-3C081FCFB881}.Debug|Any CPU.Build.0 = Debug|Any CPU
		{B5AE7623-8FC4-4F4D-8FB3-3C081FCFB881}.Release|Any CPU.ActiveCfg = Release|Any CPU
		{B5AE7623-8FC4-4F4D-8FB3-3C081FCFB881}.Release|Any CPU.Build.0 = Release|Any CPU
		{99FF668C-8976-49CE-8899-9CCA4D1B189C}.Debug|Any CPU.ActiveCfg = Debug|Any CPU
		{99FF668C-8976-49CE-8899-9CCA4D1B189C}.Debug|Any CPU.Build.0 = Debug|Any CPU
		{99FF668C-8976-49CE-8899-9CCA4D1B189C}.Release|Any CPU.ActiveCfg = Release|Any CPU
		{99FF668C-8976-49CE-8899-9CCA4D1B189C}.Release|Any CPU.Build.0 = Release|Any CPU
	EndGlobalSection
	GlobalSection(SolutionProperties) = preSolution
		HideSolutionNode = FALSE
	EndGlobalSection
	GlobalSection(ExtensibilityGlobals) = postSolution
		SolutionGuid = {6802461F-7FD4-4369-BE89-A6A4157503F8}
	EndGlobalSection
EndGlobal
